
Microsoft Visual Studio Solution File, Format Version 12.00
# Visual Studio 2013
VisualStudioVersion = 12.0.31101.0
MinimumVisualStudioVersion = 10.0.40219.1
Project("{FAE04EC0-301F-11D3-BF4B-00C04F79EFBC}") = "Pizza.Web", "Pizza.Web\Pizza.Web.csproj", "{F3758C80-CF88-4037-A4DE-3B7FC89E318F}"
EndProject
Project("{FAE04EC0-301F-11D3-BF4B-00C04F79EFBC}") = "Pizza", "Pizza\Pizza.csproj", "{070B3851-4E7D-4FEB-B8CD-0B67FB722193}"
EndProject
Project("{2150E333-8FDC-42A3-9474-1A3956D46DE8}") = ".nuget", ".nuget", "{E346B1BE-2F8E-4C58-A492-EF3B5F9ADA4B}"
	ProjectSection(SolutionItems) = preProject
		.nuget\packages.config = .nuget\packages.config
	EndProjectSection
EndProject
Global
	GlobalSection(SolutionConfigurationPlatforms) = preSolution
		Debug|Any CPU = Debug|Any CPU
		Release|Any CPU = Release|Any CPU
	EndGlobalSection
	GlobalSection(ProjectConfigurationPlatforms) = postSolution
		{F3758C80-CF88-4037-A4DE-3B7FC89E318F}.Debug|Any CPU.ActiveCfg = Debug|Any CPU
		{F3758C80-CF88-4037-A4DE-3B7FC89E318F}.Debug|Any CPU.Build.0 = Debug|Any CPU
		{F3758C80-CF88-4037-A4DE-3B7FC89E318F}.Release|Any CPU.ActiveCfg = Release|Any CPU
		{F3758C80-CF88-4037-A4DE-3B7FC89E318F}.Release|Any CPU.Build.0 = Release|Any CPU
		{070B3851-4E7D-4FEB-B8CD-0B67FB722193}.Debug|Any CPU.ActiveCfg = Debug|Any CPU
		{070B3851-4E7D-4FEB-B8CD-0B67FB722193}.Debug|Any CPU.Build.0 = Debug|Any CPU
		{070B3851-4E7D-4FEB-B8CD-0B67FB722193}.Release|Any CPU.ActiveCfg = Release|Any CPU
		{070B3851-4E7D-4FEB-B8CD-0B67FB722193}.Release|Any CPU.Build.0 = Release|Any CPU
	EndGlobalSection
	GlobalSection(SolutionProperties) = preSolution
		HideSolutionNode = FALSE
	EndGlobalSection
EndGlobal
